// !$*UTF8*$!
{
	archiveVersion = 1;
	classes = {
	};
	objectVersion = 48;
	objects = {

/* Begin PBXBuildFile section */
		C91C129B20778A5300337A97 /* AppDelegate.swift in Sources */ = {isa = PBXBuildFile; fileRef = C91C129A20778A5300337A97 /* AppDelegate.swift */; };
		C91C129D20778A5300337A97 /* ViewController.swift in Sources */ = {isa = PBXBuildFile; fileRef = C91C129C20778A5300337A97 /* ViewController.swift */; };
		C91C12A020778A5300337A97 /* Main.storyboard in Resources */ = {isa = PBXBuildFile; fileRef = C91C129E20778A5300337A97 /* Main.storyboard */; };
		C91C12A220778A5300337A97 /* Assets.xcassets in Resources */ = {isa = PBXBuildFile; fileRef = C91C12A120778A5300337A97 /* Assets.xcassets */; };
		C91C12A520778A5300337A97 /* LaunchScreen.storyboard in Resources */ = {isa = PBXBuildFile; fileRef = C91C12A320778A5300337A97 /* LaunchScreen.storyboard */; };
		C91C12AD20778AC500337A97 /* GoogleService-Info.plist in Resources */ = {isa = PBXBuildFile; fileRef = C91C12AC20778AC500337A97 /* GoogleService-Info.plist */; };
		C9968EED20866F6A00AA6EF8 /* ViewController3.swift in Sources */ = {isa = PBXBuildFile; fileRef = C9968EEC20866F6A00AA6EF8 /* ViewController3.swift */; };
		C9E1D9D02077960100E59E17 /* ViewController2.swift in Sources */ = {isa = PBXBuildFile; fileRef = C9E1D9CF2077960100E59E17 /* ViewController2.swift */; };
		CB223243F36A9C7E27491FD0 /* Pods_cofferApp.framework in Frameworks */ = {isa = PBXBuildFile; fileRef = 85FAC47C9E641C1FE7252977 /* Pods_cofferApp.framework */; };
/* End PBXBuildFile section */

/* Begin PBXFileReference section */
		2553DBB81061447AE275B6A0 /* Pods-cofferApp.release.xcconfig */ = {isa = PBXFileReference; includeInIndex = 1; lastKnownFileType = text.xcconfig; name = "Pods-cofferApp.release.xcconfig"; path = "Pods/Target Support Files/Pods-cofferApp/Pods-cofferApp.release.xcconfig"; sourceTree = "<group>"; };
		85FAC47C9E641C1FE7252977 /* Pods_cofferApp.framework */ = {isa = PBXFileReference; explicitFileType = wrapper.framework; includeInIndex = 0; path = Pods_cofferApp.framework; sourceTree = BUILT_PRODUCTS_DIR; };
		B760C22093CA29CB3B5A9A61 /* Pods-cofferApp.debug.xcconfig */ = {isa = PBXFileReference; includeInIndex = 1; lastKnownFileType = text.xcconfig; name = "Pods-cofferApp.debug.xcconfig"; path = "Pods/Target Support Files/Pods-cofferApp/Pods-cofferApp.debug.xcconfig"; sourceTree = "<group>"; };
		C91C129720778A5300337A97 /* cofferApp.app */ = {isa = PBXFileReference; explicitFileType = wrapper.application; includeInIndex = 0; path = cofferApp.app; sourceTree = BUILT_PRODUCTS_DIR; };
		C91C129A20778A5300337A97 /* AppDelegate.swift */ = {isa = PBXFileReference; lastKnownFileType = sourcecode.swift; path = AppDelegate.swift; sourceTree = "<group>"; };
		C91C129C20778A5300337A97 /* ViewController.swift */ = {isa = PBXFileReference; lastKnownFileType = sourcecode.swift; path = ViewController.swift; sourceTree = "<group>"; };
		C91C129F20778A5300337A97 /* Base */ = {isa = PBXFileReference; lastKnownFileType = file.storyboard; name = Base; path = Base.lproj/Main.storyboard; sourceTree = "<group>"; };
		C91C12A120778A5300337A97 /* Assets.xcassets */ = {isa = PBXFileReference; lastKnownFileType = folder.assetcatalog; path = Assets.xcassets; sourceTree = "<group>"; };
		C91C12A420778A5300337A97 /* Base */ = {isa = PBXFileReference; lastKnownFileType = file.storyboard; name = Base; path = Base.lproj/LaunchScreen.storyboard; sourceTree = "<group>"; };
		C91C12A620778A5300337A97 /* Info.plist */ = {isa = PBXFileReference; lastKnownFileType = text.plist.xml; path = Info.plist; sourceTree = "<group>"; };
		C91C12AC20778AC500337A97 /* GoogleService-Info.plist */ = {isa = PBXFileReference; fileEncoding = 4; lastKnownFileType = text.plist.xml; path = "GoogleService-Info.plist"; sourceTree = "<group>"; };
		C9968EEC20866F6A00AA6EF8 /* ViewController3.swift */ = {isa = PBXFileReference; lastKnownFileType = sourcecode.swift; path = ViewController3.swift; sourceTree = "<group>"; };
		C9E1D9CF2077960100E59E17 /* ViewController2.swift */ = {isa = PBXFileReference; lastKnownFileType = sourcecode.swift; path = ViewController2.swift; sourceTree = "<group>"; };
/* End PBXFileReference section */

/* Begin PBXFrameworksBuildPhase section */
		C91C129420778A5300337A97 /* Frameworks */ = {
			isa = PBXFrameworksBuildPhase;
			buildActionMask = 2147483647;
			files = (
				CB223243F36A9C7E27491FD0 /* Pods_cofferApp.framework in Frameworks */,
			);
			runOnlyForDeploymentPostprocessing = 0;
		};
/* End PBXFrameworksBuildPhase section */

/* Begin PBXGroup section */
		8F8C6CEE2D72B8A3EFBF9763 /* Frameworks */ = {
			isa = PBXGroup;
			children = (
				85FAC47C9E641C1FE7252977 /* Pods_cofferApp.framework */,
			);
			name = Frameworks;
			sourceTree = "<group>";
		};
		A3B53E2850897ECFB2ADC26A /* Pods */ = {
			isa = PBXGroup;
			children = (
				B760C22093CA29CB3B5A9A61 /* Pods-cofferApp.debug.xcconfig */,
				2553DBB81061447AE275B6A0 /* Pods-cofferApp.release.xcconfig */,
			);
			name = Pods;
			sourceTree = "<group>";
		};
		C91C128E20778A5300337A97 = {
			isa = PBXGroup;
			children = (
				C91C129920778A5300337A97 /* cofferApp */,
				C91C129820778A5300337A97 /* Products */,
				A3B53E2850897ECFB2ADC26A /* Pods */,
				8F8C6CEE2D72B8A3EFBF9763 /* Frameworks */,
			);
			sourceTree = "<group>";
		};
		C91C129820778A5300337A97 /* Products */ = {
			isa = PBXGroup;
			children = (
				C91C129720778A5300337A97 /* cofferApp.app */,
			);
			name = Products;
			sourceTree = "<group>";
		};
		C91C129920778A5300337A97 /* cofferApp */ = {
			isa = PBXGroup;
			children = (
				C91C129A20778A5300337A97 /* AppDelegate.swift */,
				C91C129C20778A5300337A97 /* ViewController.swift */,
				C9E1D9CF2077960100E59E17 /* ViewController2.swift */,
				C9968EEC20866F6A00AA6EF8 /* ViewController3.swift */,
				C91C129E20778A5300337A97 /* Main.storyboard */,
				C91C12A120778A5300337A97 /* Assets.xcassets */,
				C91C12A320778A5300337A97 /* LaunchScreen.storyboard */,
				C91C12A620778A5300337A97 /* Info.plist */,
				C91C12AC20778AC500337A97 /* GoogleService-Info.plist */,
			);
			path = cofferApp;
			sourceTree = "<group>";
		};
/* End PBXGroup section */

/* Begin PBXNativeTarget section */
		C91C129620778A5300337A97 /* cofferApp */ = {
			isa = PBXNativeTarget;
			buildConfigurationList = C91C12A920778A5300337A97 /* Build configuration list for PBXNativeTarget "cofferApp" */;
			buildPhases = (
				CF4178BC2E166E059B7D2706 /* [CP] Check Pods Manifest.lock */,
				C91C129320778A5300337A97 /* Sources */,
				C91C129420778A5300337A97 /* Frameworks */,
				C91C129520778A5300337A97 /* Resources */,
				CFD30405414A573EDCAD257A /* [CP] Embed Pods Frameworks */,
			);
			buildRules = (
			);
			dependencies = (
			);
			name = cofferApp;
			productName = cofferApp;
			productReference = C91C129720778A5300337A97 /* cofferApp.app */;
			productType = "com.apple.product-type.application";
		};
/* End PBXNativeTarget section */

/* Begin PBXProject section */
		C91C128F20778A5300337A97 /* Project object */ = {
			isa = PBXProject;
			attributes = {
				LastSwiftUpdateCheck = 0920;
				LastUpgradeCheck = 0920;
				ORGANIZATIONNAME = "Coffer Tech";
				TargetAttributes = {
					C91C129620778A5300337A97 = {
						CreatedOnToolsVersion = 9.2;
						ProvisioningStyle = Automatic;
					};
				};
			};
			buildConfigurationList = C91C129220778A5300337A97 /* Build configuration list for PBXProject "cofferApp" */;
			compatibilityVersion = "Xcode 8.0";
			developmentRegion = en;
			hasScannedForEncodings = 0;
			knownRegions = (
				en,
				Base,
			);
			mainGroup = C91C128E20778A5300337A97;
			productRefGroup = C91C129820778A5300337A97 /* Products */;
			projectDirPath = "";
			projectRoot = "";
			targets = (
				C91C129620778A5300337A97 /* cofferApp */,
			);
		};
/* End PBXProject section */

/* Begin PBXResourcesBuildPhase section */
		C91C129520778A5300337A97 /* Resources */ = {
			isa = PBXResourcesBuildPhase;
			buildActionMask = 2147483647;
			files = (
				C91C12A520778A5300337A97 /* LaunchScreen.storyboard in Resources */,
				C91C12AD20778AC500337A97 /* GoogleService-Info.plist in Resources */,
				C91C12A220778A5300337A97 /* Assets.xcassets in Resources */,
				C91C12A020778A5300337A97 /* Main.storyboard in Resources */,
			);
			runOnlyForDeploymentPostprocessing = 0;
		};
/* End PBXResourcesBuildPhase section */

/* Begin PBXShellScriptBuildPhase section */
		CF4178BC2E166E059B7D2706 /* [CP] Check Pods Manifest.lock */ = {
			isa = PBXShellScriptBuildPhase;
			buildActionMask = 2147483647;
			files = (
			);
			inputPaths = (
				"${PODS_PODFILE_DIR_PATH}/Podfile.lock",
				"${PODS_ROOT}/Manifest.lock",
			);
			name = "[CP] Check Pods Manifest.lock";
			outputPaths = (
				"$(DERIVED_FILE_DIR)/Pods-cofferApp-checkManifestLockResult.txt",
			);
			runOnlyForDeploymentPostprocessing = 0;
			shellPath = /bin/sh;
			shellScript = "diff \"${PODS_PODFILE_DIR_PATH}/Podfile.lock\" \"${PODS_ROOT}/Manifest.lock\" > /dev/null\nif [ $? != 0 ] ; then\n    # print error to STDERR\n    echo \"error: The sandbox is not in sync with the Podfile.lock. Run 'pod install' or update your CocoaPods installation.\" >&2\n    exit 1\nfi\n# This output is used by Xcode 'outputs' to avoid re-running this script phase.\necho \"SUCCESS\" > \"${SCRIPT_OUTPUT_FILE_0}\"\n";
			showEnvVarsInLog = 0;
		};
		CFD30405414A573EDCAD257A /* [CP] Embed Pods Frameworks */ = {
			isa = PBXShellScriptBuildPhase;
			buildActionMask = 2147483647;
			files = (
			);
			inputPaths = (
				"${SRCROOT}/Pods/Target Support Files/Pods-cofferApp/Pods-cofferApp-frameworks.sh",
				"${BUILT_PRODUCTS_DIR}/GTMSessionFetcher/GTMSessionFetcher.framework",
				"${BUILT_PRODUCTS_DIR}/GoogleToolboxForMac/GoogleToolboxForMac.framework",
				"${BUILT_PRODUCTS_DIR}/nanopb/nanopb.framework",
			);
			name = "[CP] Embed Pods Frameworks";
			outputPaths = (
				"${TARGET_BUILD_DIR}/${FRAMEWORKS_FOLDER_PATH}/GTMSessionFetcher.framework",
				"${TARGET_BUILD_DIR}/${FRAMEWORKS_FOLDER_PATH}/GoogleToolboxForMac.framework",
				"${TARGET_BUILD_DIR}/${FRAMEWORKS_FOLDER_PATH}/nanopb.framework",
			);
			runOnlyForDeploymentPostprocessing = 0;
			shellPath = /bin/sh;
			shellScript = "\"${SRCROOT}/Pods/Target Support Files/Pods-cofferApp/Pods-cofferApp-frameworks.sh\"\n";
			showEnvVarsInLog = 0;
		};
/* End PBXShellScriptBuildPhase section */

/* Begin PBXSourcesBuildPhase section */
		C91C129320778A5300337A97 /* Sources */ = {
			isa = PBXSourcesBuildPhase;
			buildActionMask = 2147483647;
			files = (
				C91C129D20778A5300337A97 /* ViewController.swift in Sources */,
				C91C129B20778A5300337A97 /* AppDelegate.swift in Sources */,
				C9968EED20866F6A00AA6EF8 /* ViewController3.swift in Sources */,
				C9E1D9D02077960100E59E17 /* ViewController2.swift in Sources */,
			);
			runOnlyForDeploymentPostprocessing = 0;
		};
/* End PBXSourcesBuildPhase section */

/* Begin PBXVariantGroup section */
		C91C129E20778A5300337A97 /* Main.storyboard */ = {
			isa = PBXVariantGroup;
			children = (
				C91C129F20778A5300337A97 /* Base */,
			);
			name = Main.storyboard;
			sourceTree = "<group>";
		};
		C91C12A320778A5300337A97 /* LaunchScreen.storyboard */ = {
			isa = PBXVariantGroup;
			children = (
				C91C12A420778A5300337A97 /* Base */,
			);
			name = LaunchScreen.storyboard;
			sourceTree = "<group>";
		};
/* End PBXVariantGroup section */

/* Begin XCBuildConfiguration section */
		C91C12A720778A5300337A97 /* Debug */ = {
			isa = XCBuildConfiguration;
			buildSettings = {
				ALWAYS_SEARCH_USER_PATHS = NO;
				CLANG_ANALYZER_NONNULL = YES;
				CLANG_ANALYZER_NUMBER_OBJECT_CONVERSION = YES_AGGRESSIVE;
				CLANG_CXX_LANGUAGE_STANDARD = "gnu++14";
				CLANG_CXX_LIBRARY = "libc++";
				CLANG_ENABLE_MODULES = YES;
				CLANG_ENABLE_OBJC_ARC = YES;
				CLANG_WARN_BLOCK_CAPTURE_AUTORELEASING = YES;
				CLANG_WARN_BOOL_CONVERSION = YES;
				CLANG_WARN_COMMA = YES;
				CLANG_WARN_CONSTANT_CONVERSION = YES;
				CLANG_WARN_DIRECT_OBJC_ISA_USAGE = YES_ERROR;
				CLANG_WARN_DOCUMENTATION_COMMENTS = YES;
				CLANG_WARN_EMPTY_BODY = YES;
				CLANG_WARN_ENUM_CONVERSION = YES;
				CLANG_WARN_INFINITE_RECURSION = YES;
				CLANG_WARN_INT_CONVERSION = YES;
				CLANG_WARN_NON_LITERAL_NULL_CONVERSION = YES;
				CLANG_WARN_OBJC_LITERAL_CONVERSION = YES;
				CLANG_WARN_OBJC_ROOT_CLASS = YES_ERROR;
				CLANG_WARN_RANGE_LOOP_ANALYSIS = YES;
				CLANG_WARN_STRICT_PROTOTYPES = YES;
				CLANG_WARN_SUSPICIOUS_MOVE = YES;
				CLANG_WARN_UNGUARDED_AVAILABILITY = YES_AGGRESSIVE;
				CLANG_WARN_UNREACHABLE_CODE = YES;
				CLANG_WARN__DUPLICATE_METHOD_MATCH = YES;
				CODE_SIGN_IDENTITY = "iPhone Developer";
				COPY_PHASE_STRIP = NO;
				DEBUG_INFORMATION_FORMAT = dwarf;
				ENABLE_STRICT_OBJC_MSGSEND = YES;
				ENABLE_TESTABILITY = YES;
				GCC_C_LANGUAGE_STANDARD = gnu11;
				GCC_DYNAMIC_NO_PIC = NO;
				GCC_NO_COMMON_BLOCKS = YES;
				GCC_OPTIMIZATION_LEVEL = 0;
				GCC_PREPROCESSOR_DEFINITIONS = (
					"DEBUG=1",
					"$(inherited)",
				);
				GCC_WARN_64_TO_32_BIT_CONVERSION = YES;
				GCC_WARN_ABOUT_RETURN_TYPE = YES_ERROR;
				GCC_WARN_UNDECLARED_SELECTOR = YES;
				GCC_WARN_UNINITIALIZED_AUTOS = YES_AGGRESSIVE;
				GCC_WARN_UNUSED_FUNCTION = YES;
				GCC_WARN_UNUSED_VARIABLE = YES;
				IPHONEOS_DEPLOYMENT_TARGET = 11.2;
				MTL_ENABLE_DEBUG_INFO = YES;
				ONLY_ACTIVE_ARCH = YES;
				SDKROOT = iphoneos;
				SWIFT_ACTIVE_COMPILATION_CONDITIONS = DEBUG;
				SWIFT_OPTIMIZATION_LEVEL = "-Onone";
			};
			name = Debug;
		};
		C91C12A820778A5300337A97 /* Release */ = {
			isa = XCBuildConfiguration;
			buildSettings = {
				ALWAYS_SEARCH_USER_PATHS = NO;
				CLANG_ANALYZER_NONNULL = YES;
				CLANG_ANALYZER_NUMBER_OBJECT_CONVERSION = YES_AGGRESSIVE;
				CLANG_CXX_LANGUAGE_STANDARD = "gnu++14";
				CLANG_CXX_LIBRARY = "libc++";
				CLANG_ENABLE_MODULES = YES;
				CLANG_ENABLE_OBJC_ARC = YES;
				CLANG_WARN_BLOCK_CAPTURE_AUTORELEASING = YES;
				CLANG_WARN_BOOL_CONVERSION = YES;
				CLANG_WARN_COMMA = YES;
				CLANG_WARN_CONSTANT_CONVERSION = YES;
				CLANG_WARN_DIRECT_OBJC_ISA_USAGE = YES_ERROR;
				CLANG_WARN_DOCUMENTATION_COMMENTS = YES;
				CLANG_WARN_EMPTY_BODY = YES;
				CLANG_WARN_ENUM_CONVERSION = YES;
				CLANG_WARN_INFINITE_RECURSION = YES;
				CLANG_WARN_INT_CONVERSION = YES;
				CLANG_WARN_NON_LITERAL_NULL_CONVERSION = YES;
				CLANG_WARN_OBJC_LITERAL_CONVERSION = YES;
				CLANG_WARN_OBJC_ROOT_CLASS = YES_ERROR;
				CLANG_WARN_RANGE_LOOP_ANALYSIS = YES;
				CLANG_WARN_STRICT_PROTOTYPES = YES;
				CLANG_WARN_SUSPICIOUS_MOVE = YES;
				CLANG_WARN_UNGUARDED_AVAILABILITY = YES_AGGRESSIVE;
				CLANG_WARN_UNREACHABLE_CODE = YES;
				CLANG_WARN__DUPLICATE_METHOD_MATCH = YES;
				CODE_SIGN_IDENTITY = "iPhone Developer";
				COPY_PHASE_STRIP = NO;
				DEBUG_INFORMATION_FORMAT = "dwarf-with-dsym";
				ENABLE_NS_ASSERTIONS = NO;
				ENABLE_STRICT_OBJC_MSGSEND = YES;
				GCC_C_LANGUAGE_STANDARD = gnu11;
				GCC_NO_COMMON_BLOCKS = YES;
				GCC_WARN_64_TO_32_BIT_CONVERSION = YES;
				GCC_WARN_ABOUT_RETURN_TYPE = YES_ERROR;
				GCC_WARN_UNDECLARED_SELECTOR = YES;
				GCC_WARN_UNINITIALIZED_AUTOS = YES_AGGRESSIVE;
				GCC_WARN_UNUSED_FUNCTION = YES;
				GCC_WARN_UNUSED_VARIABLE = YES;
				IPHONEOS_DEPLOYMENT_TARGET = 11.2;
				MTL_ENABLE_DEBUG_INFO = NO;
				SDKROOT = iphoneos;
				SWIFT_OPTIMIZATION_LEVEL = "-Owholemodule";
				VALIDATE_PRODUCT = YES;
			};
			name = Release;
		};
		C91C12AA20778A5300337A97 /* Debug */ = {
			isa = XCBuildConfiguration;
			baseConfigurationReference = B760C22093CA29CB3B5A9A61 /* Pods-cofferApp.debug.xcconfig */;
			buildSettings = {
				ASSETCATALOG_COMPILER_APPICON_NAME = AppIcon;
				CODE_SIGN_STYLE = Automatic;
				DEVELOPMENT_TEAM = 7NT3L9MA2W;
				INFOPLIST_FILE = cofferApp/Info.plist;
				LD_RUNPATH_SEARCH_PATHS = "$(inherited) @executable_path/Frameworks";
				PRODUCT_BUNDLE_IDENTIFIER = br.com.coffer.cofferApp;
				PRODUCT_NAME = "$(TARGET_NAME)";
				SWIFT_VERSION = 4.0;
				TARGETED_DEVICE_FAMILY = "1,2";
			};
			name = Debug;
		};
		C91C12AB20778A5300337A97 /* Release */ = {
			isa = XCBuildConfiguration;
			baseConfigurationReference = 2553DBB81061447AE275B6A0 /* Pods-cofferApp.release.xcconfig */;
			buildSettings = {
				ASSETCATALOG_COMPILER_APPICON_NAME = AppIcon;
				CODE_SIGN_STYLE = Automatic;
				DEVELOPMENT_TEAM = 7NT3L9MA2W;
				INFOPLIST_FILE = cofferApp/Info.plist;
				LD_RUNPATH_SEARCH_PATHS = "$(inherited) @executable_path/Frameworks";
				PRODUCT_BUNDLE_IDENTIFIER = br.com.coffer.cofferApp;
				PRODUCT_NAME = "$(TARGET_NAME)";
				SWIFT_VERSION = 4.0;
				TARGETED_DEVICE_FAMILY = "1,2";
			};
			name = Release;
		};
/* End XCBuildConfiguration section */

/* Begin XCConfigurationList section */
		C91C129220778A5300337A97 /* Build configuration list for PBXProject "cofferApp" */ = {
			isa = XCConfigurationList;
			buildConfigurations = (
				C91C12A720778A5300337A97 /* Debug */,
				C91C12A820778A5300337A97 /* Release */,
			);
			defaultConfigurationIsVisible = 0;
			defaultConfigurationName = Release;
		};
		C91C12A920778A5300337A97 /* Build configuration list for PBXNativeTarget "cofferApp" */ = {
			isa = XCConfigurationList;
			buildConfigurations = (
				C91C12AA20778A5300337A97 /* Debug */,
				C91C12AB20778A5300337A97 /* Release */,
			);
			defaultConfigurationIsVisible = 0;
			defaultConfigurationName = Release;
		};
/* End XCConfigurationList section */
	};
	rootObject = C91C128F20778A5300337A97 /* Project object */;
}
